// !$*UTF8*$!
{
	archiveVersion = 1;
	classes = {
	};
	objectVersion = 77;
	objects = {

/* Begin PBXContainerItemProxy section */
		5E629D1A2F99CDA6005A6995 /* PBXContainerItemProxy */ = {
			isa = PBXContainerItemProxy;
			containerPortal = 5E629D022F99CDA4005A6995 /* Project object */;
			proxyType = 1;
			remoteGlobalIDString = 5E629D092F99CDA4005A6995;
			remoteInfo = AfricanFashionApp;
		};
		5E629D242F99CDA6005A6995 /* PBXContainerItemProxy */ = {
			isa = PBXContainerItemProxy;
			containerPortal = 5E629D022F99CDA4005A6995 /* Project object */;
			proxyType = 1;
			remoteGlobalIDString = 5E629D092F99CDA4005A6995;
			remoteInfo = AfricanFashionApp;
		};
/* End PBXContainerItemProxy section */

/* Begin PBXFileReference section */
		5E629D0A2F99CDA4005A6995 /* AfricanFashionApp.app */ = {isa = PBXFileReference; explicitFileType = wrapper.application; includeInIndex = 0; path = AfricanFashionApp.app; sourceTree = BUILT_PRODUCTS_DIR; };
		5E629D192F99CDA6005A6995 /* AfricanFashionAppTests.xctest */ = {isa = PBXFileReference; explicitFileType = wrapper.cfbundle; includeInIndex = 0; path = AfricanFashionAppTests.xctest; sourceTree = BUILT_PRODUCTS_DIR; };
		5E629D232F99CDA6005A6995 /* AfricanFashionAppUITests.xctest */ = {isa = PBXFileReference; explicitFileType = wrapper.cfbundle; includeInIndex = 0; path = AfricanFashionAppUITests.xctest; sourceTree = BUILT_PRODUCTS_DIR; };
/* End PBXFileReference section */

/* Begin PBXFileSystemSynchronizedBuildFileExceptionSet section */
		AFA000010000000000000001 /* Exceptions for "AfricanFashionApp" folder in "AfricanFashionApp" target */ = {
			isa = PBXFileSystemSynchronizedBuildFileExceptionSet;
			membershipExceptions = (
				APPLE_PRODUCTION.md,
			);
			target = 5E629D092F99CDA4005A6995 /* AfricanFashionApp */;
		};
/* End PBXFileSystemSynchronizedBuildFileExceptionSet section */

/* Begin PBXFileSystemSynchronizedRootGroup section */
		5E629D0C2F99CDA4005A6995 /* AfricanFashionApp */ = {
			isa = PBXFileSystemSynchronizedRootGroup;
			exceptions = (
				AFA000010000000000000001 /* Exceptions for "AfricanFashionApp" folder in "AfricanFashionApp" target */,
			);
			path = AfricanFashionApp;
			sourceTree = "<group>";
		};
		5E629D1C2F99CDA6005A6995 /* AfricanFashionAppTests */ = {
			isa = PBXFileSystemSynchronizedRootGroup;
			path = AfricanFashionAppTests;
			sourceTree = "<group>";
		};
		5E629D262F99CDA6005A6995 /* AfricanFashionAppUITests */ = {
			isa = PBXFileSystemSynchronizedRootGroup;
			path = AfricanFashionAppUITests;
			sourceTree = "<group>";
		};
/* End PBXFileSystemSynchronizedRootGroup section */

/* Begin PBXFrameworksBuildPhase section */
		5E629D072F99CDA4005A6995 /* Frameworks */ = {
			isa = PBXFrameworksBuildPhase;
			buildActionMask = 2147483647;
			files = (
			);
			runOnlyForDeploymentPostprocessing = 0;
		};
		5E629D162F99CDA6005A6995 /* Frameworks */ = {
			isa = PBXFrameworksBuildPhase;
			buildActionMask = 2147483647;
			files = (
			);
			runOnlyForDeploymentPostprocessing = 0;
		};
		5E629D202F99CDA6005A6995 /* Frameworks */ = {
			isa = PBXFrameworksBuildPhase;
			buildActionMask = 2147483647;
			files = (
			);
			runOnlyForDeploymentPostprocessing = 0;
		};
/* End PBXFrameworksBuildPhase section */

/* Begin PBXGroup section */
		5E629D012F99CDA4005A6995 = {
			isa = PBXGroup;
			children = (
				5E629D0C2F99CDA4005A6995 /* AfricanFashionApp */,
				5E629D1C2F99CDA6005A6995 /* AfricanFashionAppTests */,
				5E629D262F99CDA6005A6995 /* AfricanFashionAppUITests */,
				5E629D0B2F99CDA4005A6995 /* Products */,
			);
			sourceTree = "<group>";
		};
		5E629D0B2F99CDA4005A6995 /* Products */ = {
			isa = PBXGroup;
			children = (
				5E629D0A2F99CDA4005A6995 /* AfricanFashionApp.app */,
				5E629D192F99CDA6005A6995 /* AfricanFashionAppTests.xctest */,
				5E629D232F99CDA6005A6995 /* AfricanFashionAppUITests.xctest */,
			);
			name = Products;
			sourceTree = "<group>";
		};
/* End PBXGroup section */

/* Begin PBXNativeTarget section */
		5E629D092F99CDA4005A6995 /* AfricanFashionApp */ = {
			isa = PBXNativeTarget;
			buildConfigurationList = 5E629D2D2F99CDA6005A6995 /* Build configuration list for PBXNativeTarget "AfricanFashionApp" */;
			buildPhases = (
				5E629D062F99CDA4005A6995 /* Sources */,
				5E629D072F99CDA4005A6995 /* Frameworks */,
				5E629D082F99CDA4005A6995 /* Resources */,
			);
			buildRules = (
			);
			dependencies = (
			);
			fileSystemSynchronizedGroups = (
				5E629D0C2F99CDA4005A6995 /* AfricanFashionApp */,
			);
			name = AfricanFashionApp;
			packageProductDependencies = (
			);
			productName = AfricanFashionApp;
			productReference = 5E629D0A2F99CDA4005A6995 /* AfricanFashionApp.app */;
			productType = "com.apple.product-type.application";
		};
		5E629D182F99CDA6005A6995 /* AfricanFashionAppTests */ = {
			isa = PBXNativeTarget;
			buildConfigurationList = 5E629D302F99CDA6005A6995 /* Build configuration list for PBXNativeTarget "AfricanFashionAppTests" */;
			buildPhases = (
				5E629D152F99CDA6005A6995 /* Sources */,
				5E629D162F99CDA6005A6995 /* Frameworks */,
				5E629D172F99CDA6005A6995 /* Resources */,
			);
			buildRules = (
			);
			dependencies = (
				5E629D1B2F99CDA6005A6995 /* PBXTargetDependency */,
			);
			fileSystemSynchronizedGroups = (
				5E629D1C2F99CDA6005A6995 /* AfricanFashionAppTests */,
			);
			name = AfricanFashionAppTests;
			packageProductDependencies = (
			);
			productName = AfricanFashionAppTests;
			productReference = 5E629D192F99CDA6005A6995 /* AfricanFashionAppTests.xctest */;
			productType = "com.apple.product-type.bundle.unit-test";
		};
		5E629D222F99CDA6005A6995 /* AfricanFashionAppUITests */ = {
			isa = PBXNativeTarget;
			buildConfigurationList = 5E629D332F99CDA6005A6995 /* Build configuration list for PBXNativeTarget "AfricanFashionAppUITests" */;
			buildPhases = (
				5E629D1F2F99CDA6005A6995 /* Sources */,
				5E629D202F99CDA6005A6995 /* Frameworks */,
				5E629D212F99CDA6005A6995 /* Resources */,
			);
			buildRules = (
			);
			dependencies = (
				5E629D252F99CDA6005A6995 /* PBXTargetDependency */,
			);
			fileSystemSynchronizedGroups = (
				5E629D262F99CDA6005A6995 /* AfricanFashionAppUITests */,
			);
			name = AfricanFashionAppUITests;
			packageProductDependencies = (
			);
			productName = AfricanFashionAppUITests;
			productReference = 5E629D232F99CDA6005A6995 /* AfricanFashionAppUITests.xctest */;
			productType = "com.apple.product-type.bundle.ui-testing";
		};
/* End PBXNativeTarget section */

/* Begin PBXProject section */
		5E629D022F99CDA4005A6995 /* Project object */ = {
			isa = PBXProject;
			attributes = {
				BuildIndependentTargetsInParallel = 1;
				LastSwiftUpdateCheck = 2640;
				LastUpgradeCheck = 2640;
				ORGANIZATIONNAME = WCS;
				TargetAttributes = {
					5E629D092F99CDA4005A6995 = {
						CreatedOnToolsVersion = 26.4.1;
					};
					5E629D182F99CDA6005A6995 = {
						CreatedOnToolsVersion = 26.4.1;
						TestTargetID = 5E629D092F99CDA4005A6995;
					};
					5E629D222F99CDA6005A6995 = {
						CreatedOnToolsVersion = 26.4.1;
						TestTargetID = 5E629D092F99CDA4005A6995;
					};
				};
			};
			buildConfigurationList = 5E629D052F99CDA4005A6995 /* Build configuration list for PBXProject "AfricanFashionApp" */;
			developmentRegion = en;
			hasScannedForEncodings = 0;
			knownRegions = (
				en,
				Base,
			);
			mainGroup = 5E629D012F99CDA4005A6995;
			minimizedProjectReferenceProxies = 1;
			preferredProjectObjectVersion = 77;
			productRefGroup = 5E629D0B2F99CDA4005A6995 /* Products */;
			projectDirPath = "";
			projectRoot = "";
			targets = (
				5E629D092F99CDA4005A6995 /* AfricanFashionApp */,
				5E629D182F99CDA6005A6995 /* AfricanFashionAppTests */,
				5E629D222F99CDA6005A6995 /* AfricanFashionAppUITests */,
			);
		};
/* End PBXProject section */

/* Begin PBXResourcesBuildPhase section */
		5E629D082F99CDA4005A6995 /* Resources */ = {
			isa = PBXResourcesBuildPhase;
			buildActionMask = 2147483647;
			files = (
			);
			runOnlyForDeploymentPostprocessing = 0;
		};
		5E629D172F99CDA6005A6995 /* Resources */ = {
			isa = PBXResourcesBuildPhase;
			buildActionMask = 2147483647;
			files = (
			);
			runOnlyForDeploymentPostprocessing = 0;
		};
		5E629D212F99CDA6005A6995 /* Resources */ = {
			isa = PBXResourcesBuildPhase;
			buildActionMask = 2147483647;
			files = (
			);
			runOnlyForDeploymentPostprocessing = 0;
		};
/* End PBXResourcesBuildPhase section */

/* Begin PBXSourcesBuildPhase section */
		5E629D062F99CDA4005A6995 /* Sources */ = {
			isa = PBXSourcesBuildPhase;
			buildActionMask = 2147483647;
			files = (
			);
			runOnlyForDeploymentPostprocessing = 0;
		};
		5E629D152F99CDA6005A6995 /* Sources */ = {
			isa = PBXSourcesBuildPhase;
			buildActionMask = 2147483647;
			files = (
			);
			runOnlyForDeploymentPostprocessing = 0;
		};
		5E629D1F2F99CDA6005A6995 /* Sources */ = {
			isa = PBXSourcesBuildPhase;
			buildActionMask = 2147483647;
			files = (
			);
			runOnlyForDeploymentPostprocessing = 0;
		};
/* End PBXSourcesBuildPhase section */

/* Begin PBXTargetDependency section */
		5E629D1B2F99CDA6005A6995 /* PBXTargetDependency */ = {
			isa = PBXTargetDependency;
			target = 5E629D092F99CDA4005A6995 /* AfricanFashionApp */;
			targetProxy = 5E629D1A2F99CDA6005A6995 /* PBXContainerItemProxy */;
		};
		5E629D252F99CDA6005A6995 /* PBXTargetDependency */ = {
			isa = PBXTargetDependency;
			target = 5E629D092F99CDA4005A6995 /* AfricanFashionApp */;
			targetProxy = 5E629D242F99CDA6005A6995 /* PBXContainerItemProxy */;
		};
/* End PBXTargetDependency section */

/* Begin XCBuildConfiguration section */
		5E629D2B2F99CDA6005A6995 /* Debug */ = {
			isa = XCBuildConfiguration;
			buildSettings = {
				ALWAYS_SEARCH_USER_PATHS = NO;
				ASSETCATALOG_COMPILER_GENERATE_SWIFT_ASSET_SYMBOL_EXTENSIONS = YES;
				CLANG_ANALYZER_NONNULL = YES;
				CLANG_ANALYZER_NUMBER_OBJECT_CONVERSION = YES_AGGRESSIVE;
				CLANG_CXX_LANGUAGE_STANDARD = "gnu++20";
				CLANG_ENABLE_MODULES = YES;
				CLANG_ENABLE_OBJC_ARC = YES;
				CLANG_ENABLE_OBJC_WEAK = YES;
				CLANG_WARN_BLOCK_CAPTURE_AUTORELEASING = YES;
				CLANG_WARN_BOOL_CONVERSION = YES;
				CLANG_WARN_COMMA = YES;
				CLANG_WARN_CONSTANT_CONVERSION = YES;
				CLANG_WARN_DEPRECATED_OBJC_IMPLEMENTATIONS = YES;
				CLANG_WARN_DIRECT_OBJC_ISA_USAGE = YES_ERROR;
				CLANG_WARN_DOCUMENTATION_COMMENTS = YES;
				CLANG_WARN_EMPTY_BODY = YES;
				CLANG_WARN_ENUM_CONVERSION = YES;
				CLANG_WARN_INFINITE_RECURSION = YES;
				CLANG_WARN_INT_CONVERSION = YES;
				CLANG_WARN_NON_LITERAL_NULL_CONVERSION = YES;
				CLANG_WARN_OBJC_IMPLICIT_RETAIN_SELF = YES;
				CLANG_WARN_OBJC_LITERAL_CONVERSION = YES;
				CLANG_WARN_OBJC_ROOT_CLASS = YES_ERROR;
				CLANG_WARN_QUOTED_INCLUDE_IN_FRAMEWORK_HEADER = YES;
				CLANG_WARN_RANGE_LOOP_ANALYSIS = YES;
				CLANG_WARN_STRICT_PROTOTYPES = YES;
				CLANG_WARN_SUSPICIOUS_MOVE = YES;
				CLANG_WARN_UNGUARDED_AVAILABILITY = YES_AGGRESSIVE;
				CLANG_WARN_UNREACHABLE_CODE = YES;
				CLANG_WARN__DUPLICATE_METHOD_MATCH = YES;
				COPY_PHASE_STRIP = NO;
				DEBUG_INFORMATION_FORMAT = dwarf;
				DEVELOPMENT_TEAM = TM2WG7HH96;
				ENABLE_STRICT_OBJC_MSGSEND = YES;
				ENABLE_TESTABILITY = YES;
				ENABLE_USER_SCRIPT_SANDBOXING = YES;
				GCC_C_LANGUAGE_STANDARD = gnu17;
				GCC_DYNAMIC_NO_PIC = NO;
				GCC_NO_COMMON_BLOCKS = YES;
				GCC_OPTIMIZATION_LEVEL = 0;
				GCC_PREPROCESSOR_DEFINITIONS = (
					"DEBUG=1",
					"$(inherited)",
				);
				GCC_WARN_64_TO_32_BIT_CONVERSION = YES;
				GCC_WARN_ABOUT_RETURN_TYPE = YES_ERROR;
				GCC_WARN_UNDECLARED_SELECTOR = YES;
				GCC_WARN_UNINITIALIZED_AUTOS = YES_AGGRESSIVE;
				GCC_WARN_UNUSED_FUNCTION = YES;
				GCC_WARN_UNUSED_VARIABLE = YES;
				IPHONEOS_DEPLOYMENT_TARGET = 18.0;
				LOCALIZATION_PREFERS_STRING_CATALOGS = YES;
				MTL_ENABLE_DEBUG_INFO = INCLUDE_SOURCE;
				MTL_FAST_MATH = YES;
				ONLY_ACTIVE_ARCH = YES;
				SDKROOT = iphoneos;
				SWIFT_ACTIVE_COMPILATION_CONDITIONS = "DEBUG $(inherited)";
				SWIFT_OPTIMIZATION_LEVEL = "-Onone";
			};
			name = Debug;
		};
		5E629D2C2F99CDA6005A6995 /* Release */ = {
			isa = XCBuildConfiguration;
			buildSettings = {
				ALWAYS_SEARCH_USER_PATHS = NO;
				ASSETCATALOG_COMPILER_GENERATE_SWIFT_ASSET_SYMBOL_EXTENSIONS = YES;
				CLANG_ANALYZER_NONNULL = YES;
				CLANG_ANALYZER_NUMBER_OBJECT_CONVERSION = YES_AGGRESSIVE;
				CLANG_CXX_LANGUAGE_STANDARD = "gnu++20";
				CLANG_ENABLE_MODULES = YES;
				CLANG_ENABLE_OBJC_ARC = YES;
				CLANG_ENABLE_OBJC_WEAK = YES;
				CLANG_WARN_BLOCK_CAPTURE_AUTORELEASING = YES;
				CLANG_WARN_BOOL_CONVERSION = YES;
				CLANG_WARN_COMMA = YES;
				CLANG_WARN_CONSTANT_CONVERSION = YES;
				CLANG_WARN_DEPRECATED_OBJC_IMPLEMENTATIONS = YES;
				CLANG_WARN_DIRECT_OBJC_ISA_USAGE = YES_ERROR;
				CLANG_WARN_DOCUMENTATION_COMMENTS = YES;
				CLANG_WARN_EMPTY_BODY = YES;
				CLANG_WARN_ENUM_CONVERSION = YES;
				CLANG_WARN_INFINITE_RECURSION = YES;
				CLANG_WARN_INT_CONVERSION = YES;
				CLANG_WARN_NON_LITERAL_NULL_CONVERSION = YES;
				CLANG_WARN_OBJC_IMPLICIT_RETAIN_SELF = YES;
				CLANG_WARN_OBJC_LITERAL_CONVERSION = YES;
				CLANG_WARN_OBJC_ROOT_CLASS = YES_ERROR;
				CLANG_WARN_QUOTED_INCLUDE_IN_FRAMEWORK_HEADER = YES;
				CLANG_WARN_RANGE_LOOP_ANALYSIS = YES;
				CLANG_WARN_STRICT_PROTOTYPES = YES;
				CLANG_WARN_SUSPICIOUS_MOVE = YES;
				CLANG_WARN_UNGUARDED_AVAILABILITY = YES_AGGRESSIVE;
				CLANG_WARN_UNREACHABLE_CODE = YES;
				CLANG_WARN__DUPLICATE_METHOD_MATCH = YES;
				COPY_PHASE_STRIP = NO;
				DEBUG_INFORMATION_FORMAT = "dwarf-with-dsym";
				DEVELOPMENT_TEAM = TM2WG7HH96;
				ENABLE_NS_ASSERTIONS = NO;
				ENABLE_STRICT_OBJC_MSGSEND = YES;
				ENABLE_USER_SCRIPT_SANDBOXING = YES;
				GCC_C_LANGUAGE_STANDARD = gnu17;
				GCC_NO_COMMON_BLOCKS = YES;
				GCC_WARN_64_TO_32_BIT_CONVERSION = YES;
				GCC_WARN_ABOUT_RETURN_TYPE = YES_ERROR;
				GCC_WARN_UNDECLARED_SELECTOR = YES;
				GCC_WARN_UNINITIALIZED_AUTOS = YES_AGGRESSIVE;
				GCC_WARN_UNUSED_FUNCTION = YES;
				GCC_WARN_UNUSED_VARIABLE = YES;
				IPHONEOS_DEPLOYMENT_TARGET = 18.0;
				LOCALIZATION_PREFERS_STRING_CATALOGS = YES;
				MTL_ENABLE_DEBUG_INFO = NO;
				MTL_FAST_MATH = YES;
				SDKROOT = iphoneos;
				SWIFT_COMPILATION_MODE = wholemodule;
				VALIDATE_PRODUCT = YES;
			};
			name = Release;
		};
		5E629D2E2F99CDA6005A6995 /* Debug */ = {
			isa = XCBuildConfiguration;
			buildSettings = {
				ASSETCATALOG_COMPILER_APPICON_NAME = AppIcon;
				ASSETCATALOG_COMPILER_GLOBAL_ACCENT_COLOR_NAME = AccentColor;
				CODE_SIGN_ENTITLEMENTS = AfricanFashionApp/AfricanFashionApp.entitlements;
				CODE_SIGN_STYLE = Automatic;
				CURRENT_PROJECT_VERSION = 5;
				DEVELOPMENT_TEAM = TM2WG7HH96;
				ENABLE_PREVIEWS = YES;
				EXCLUDED_RECURSIVE_SEARCH_PATH_SUBDIRECTORIES = "$(inherited) *.nib *.lproj *.framework wcs-learning-platform wcs-learning-platform/* node_modules node_modules/*";
				EXCLUDED_SOURCE_FILE_NAMES = (
					"*.md",
					"*.js",
					"*.json",
					"*.map",
					.babelrc,
					.editorconfig,
					".eslint*",
					".git*",
					".npm*",
					.nvmrc,
					"wcs-learning-platform",
					"wcs-learning-platform/*",
					"wcs-learning-platform/**",
					node_modules,
					"node_modules/*",
					"node_modules/**",
				);
				GENERATE_INFOPLIST_FILE = NO;
				INFOPLIST_FILE = Info.plist;
				INFOPLIST_KEY_CFBundleDisplayName = "Wendy's-AfricanFash";
				INFOPLIST_KEY_LSApplicationCategoryType = "public.app-category.business";
				LD_RUNPATH_SEARCH_PATHS = (
					"$(inherited)",
					"@executable_path/Frameworks",
				);
				MARKETING_VERSION = 1.0.0;
				PRODUCT_BUNDLE_IDENTIFIER = wcs.AfricanFashionApp;
				PRODUCT_NAME = "$(TARGET_NAME)";
				STRING_CATALOG_GENERATE_SYMBOLS = YES;
				SWIFT_APPROACHABLE_CONCURRENCY = YES;
				SWIFT_DEFAULT_ACTOR_ISOLATION = MainActor;
				SWIFT_EMIT_LOC_STRINGS = YES;
				SWIFT_UPCOMING_FEATURE_MEMBER_IMPORT_VISIBILITY = YES;
				SWIFT_VERSION = 5.0;
				TARGETED_DEVICE_FAMILY = "1,2";
			};
			name = Debug;
		};
		5E629D2F2F99CDA6005A6995 /* Release */ = {
			isa = XCBuildConfiguration;
			buildSettings = {
				ASSETCATALOG_COMPILER_APPICON_NAME = AppIcon;
				ASSETCATALOG_COMPILER_GLOBAL_ACCENT_COLOR_NAME = AccentColor;
				CODE_SIGN_ENTITLEMENTS = AfricanFashionApp/AfricanFashionApp.entitlements;
				CODE_SIGN_STYLE = Automatic;
				CURRENT_PROJECT_VERSION = 5;
				DEVELOPMENT_TEAM = TM2WG7HH96;
				ENABLE_PREVIEWS = NO;
				EXCLUDED_RECURSIVE_SEARCH_PATH_SUBDIRECTORIES = "$(inherited) *.nib *.lproj *.framework wcs-learning-platform wcs-learning-platform/* node_modules node_modules/*";
				EXCLUDED_SOURCE_FILE_NAMES = (
					"*.md",
					"*.js",
					"*.json",
					"*.map",
					.babelrc,
					.editorconfig,
					".eslint*",
					".git*",
					".npm*",
					.nvmrc,
					"wcs-learning-platform",
					"wcs-learning-platform/*",
					"wcs-learning-platform/**",
					node_modules,
					"node_modules/*",
					"node_modules/**",
				);
				GENERATE_INFOPLIST_FILE = NO;
				INFOPLIST_FILE = Info.plist;
				INFOPLIST_KEY_CFBundleDisplayName = "Wendy's-AfricanFash";
				INFOPLIST_KEY_LSApplicationCategoryType = "public.app-category.business";
				LD_RUNPATH_SEARCH_PATHS = (
					"$(inherited)",
					"@executable_path/Frameworks",
				);
				MARKETING_VERSION = 1.0.0;
				PRODUCT_BUNDLE_IDENTIFIER = wcs.AfricanFashionApp;
				PRODUCT_NAME = "$(TARGET_NAME)";
				STRING_CATALOG_GENERATE_SYMBOLS = YES;
				SWIFT_APPROACHABLE_CONCURRENCY = YES;
				SWIFT_DEFAULT_ACTOR_ISOLATION = MainActor;
				SWIFT_EMIT_LOC_STRINGS = YES;
				SWIFT_UPCOMING_FEATURE_MEMBER_IMPORT_VISIBILITY = YES;
				SWIFT_VERSION = 5.0;
				TARGETED_DEVICE_FAMILY = "1,2";
			};
			name = Release;
		};
		5E629D312F99CDA6005A6995 /* Debug */ = {
			isa = XCBuildConfiguration;
			buildSettings = {
				BUNDLE_LOADER = "$(TEST_HOST)";
				CODE_SIGN_STYLE = Automatic;
				CURRENT_PROJECT_VERSION = 1;
				DEVELOPMENT_TEAM = TM2WG7HH96;
				GENERATE_INFOPLIST_FILE = YES;
				IPHONEOS_DEPLOYMENT_TARGET = 18.0;
				MARKETING_VERSION = 1.0;
				PRODUCT_BUNDLE_IDENTIFIER = wcs.AfricanFashionAppTests;
				PRODUCT_NAME = "$(TARGET_NAME)";
				STRING_CATALOG_GENERATE_SYMBOLS = NO;
				SWIFT_APPROACHABLE_CONCURRENCY = YES;
				SWIFT_EMIT_LOC_STRINGS = NO;
				SWIFT_UPCOMING_FEATURE_MEMBER_IMPORT_VISIBILITY = YES;
				SWIFT_VERSION = 5.0;
				TARGETED_DEVICE_FAMILY = "1,2";
				TEST_HOST = "$(BUILT_PRODUCTS_DIR)/AfricanFashionApp.app/$(BUNDLE_EXECUTABLE_FOLDER_PATH)/AfricanFashionApp";
			};
			name = Debug;
		};
		5E629D322F99CDA6005A6995 /* Release */ = {
			isa = XCBuildConfiguration;
			buildSettings = {
				BUNDLE_LOADER = "$(TEST_HOST)";
				CODE_SIGN_STYLE = Automatic;
				CURRENT_PROJECT_VERSION = 1;
				DEVELOPMENT_TEAM = TM2WG7HH96;
				GENERATE_INFOPLIST_FILE = YES;
				IPHONEOS_DEPLOYMENT_TARGET = 18.0;
				MARKETING_VERSION = 1.0;
				PRODUCT_BUNDLE_IDENTIFIER = wcs.AfricanFashionAppTests;
				PRODUCT_NAME = "$(TARGET_NAME)";
				STRING_CATALOG_GENERATE_SYMBOLS = NO;
				SWIFT_APPROACHABLE_CONCURRENCY = YES;
				SWIFT_EMIT_LOC_STRINGS = NO;
				SWIFT_UPCOMING_FEATURE_MEMBER_IMPORT_VISIBILITY = YES;
				SWIFT_VERSION = 5.0;
				TARGETED_DEVICE_FAMILY = "1,2";
				TEST_HOST = "$(BUILT_PRODUCTS_DIR)/AfricanFashionApp.app/$(BUNDLE_EXECUTABLE_FOLDER_PATH)/AfricanFashionApp";
			};
			name = Release;
		};
		5E629D342F99CDA6005A6995 /* Debug */ = {
			isa = XCBuildConfiguration;
			buildSettings = {
				CODE_SIGN_STYLE = Automatic;
				CURRENT_PROJECT_VERSION = 1;
				DEVELOPMENT_TEAM = TM2WG7HH96;
				GENERATE_INFOPLIST_FILE = YES;
				MARKETING_VERSION = 1.0;
				PRODUCT_BUNDLE_IDENTIFIER = wcs.AfricanFashionAppUITests;
				PRODUCT_NAME = "$(TARGET_NAME)";
				STRING_CATALOG_GENERATE_SYMBOLS = NO;
				SWIFT_APPROACHABLE_CONCURRENCY = YES;
				SWIFT_EMIT_LOC_STRINGS = NO;
				SWIFT_UPCOMING_FEATURE_MEMBER_IMPORT_VISIBILITY = YES;
				SWIFT_VERSION = 5.0;
				TARGETED_DEVICE_FAMILY = "1,2";
				TEST_TARGET_NAME = AfricanFashionApp;
			};
			name = Debug;
		};
		5E629D352F99CDA6005A6995 /* Release */ = {
			isa = XCBuildConfiguration;
			buildSettings = {
				CODE_SIGN_STYLE = Automatic;
				CURRENT_PROJECT_VERSION = 1;
				DEVELOPMENT_TEAM = TM2WG7HH96;
				GENERATE_INFOPLIST_FILE = YES;
				MARKETING_VERSION = 1.0;
				PRODUCT_BUNDLE_IDENTIFIER = wcs.AfricanFashionAppUITests;
				PRODUCT_NAME = "$(TARGET_NAME)";
				STRING_CATALOG_GENERATE_SYMBOLS = NO;
				SWIFT_APPROACHABLE_CONCURRENCY = YES;
				SWIFT_EMIT_LOC_STRINGS = NO;
				SWIFT_UPCOMING_FEATURE_MEMBER_IMPORT_VISIBILITY = YES;
				SWIFT_VERSION = 5.0;
				TARGETED_DEVICE_FAMILY = "1,2";
				TEST_TARGET_NAME = AfricanFashionApp;
			};
			name = Release;
		};
/* End XCBuildConfiguration section */

/* Begin XCConfigurationList section */
		5E629D052F99CDA4005A6995 /* Build configuration list for PBXProject "AfricanFashionApp" */ = {
			isa = XCConfigurationList;
			buildConfigurations = (
				5E629D2B2F99CDA6005A6995 /* Debug */,
				5E629D2C2F99CDA6005A6995 /* Release */,
			);
			defaultConfigurationIsVisible = 0;
			defaultConfigurationName = Release;
		};
		5E629D2D2F99CDA6005A6995 /* Build configuration list for PBXNativeTarget "AfricanFashionApp" */ = {
			isa = XCConfigurationList;
			buildConfigurations = (
				5E629D2E2F99CDA6005A6995 /* Debug */,
				5E629D2F2F99CDA6005A6995 /* Release */,
			);
			defaultConfigurationIsVisible = 0;
			defaultConfigurationName = Release;
		};
		5E629D302F99CDA6005A6995 /* Build configuration list for PBXNativeTarget "AfricanFashionAppTests" */ = {
			isa = XCConfigurationList;
			buildConfigurations = (
				5E629D312F99CDA6005A6995 /* Debug */,
				5E629D322F99CDA6005A6995 /* Release */,
			);
			defaultConfigurationIsVisible = 0;
			defaultConfigurationName = Release;
		};
		5E629D332F99CDA6005A6995 /* Build configuration list for PBXNativeTarget "AfricanFashionAppUITests" */ = {
			isa = XCConfigurationList;
			buildConfigurations = (
				5E629D342F99CDA6005A6995 /* Debug */,
				5E629D352F99CDA6005A6995 /* Release */,
			);
			defaultConfigurationIsVisible = 0;
			defaultConfigurationName = Release;
		};
/* End XCConfigurationList section */
	};
	rootObject = 5E629D022F99CDA4005A6995 /* Project object */;
}
